// !$*UTF8*$!
{
	archiveVersion = 1;
	classes = {
	};
	objectVersion = 55;
	objects = {

/* Begin PBXBuildFile section */
		4F05D7A227793B40000C2C65 /* Extension+T.swift in Sources */ = {isa = PBXBuildFile; fileRef = 4F05D7A127793B40000C2C65 /* Extension+T.swift */; };
		4F2DEF262766EEA8005CDD9C /* BleView.swift in Sources */ = {isa = PBXBuildFile; fileRef = 4F2DEF252766EEA8005CDD9C /* BleView.swift */; };
		4FB829C6275EECB900DD99F7 /* BlueToothDemoApp.swift in Sources */ = {isa = PBXBuildFile; fileRef = 4FB829C5275EECB900DD99F7 /* BlueToothDemoApp.swift */; };
		4FB829C8275EECB900DD99F7 /* ContentView.swift in Sources */ = {isa = PBXBuildFile; fileRef = 4FB829C7275EECB900DD99F7 /* ContentView.swift */; };
		4FB829CA275EECBB00DD99F7 /* Assets.xcassets in Resources */ = {isa = PBXBuildFile; fileRef = 4FB829C9275EECBB00DD99F7 /* Assets.xcassets */; };
		4FB829CD275EECBB00DD99F7 /* Preview Assets.xcassets in Resources */ = {isa = PBXBuildFile; fileRef = 4FB829CC275EECBB00DD99F7 /* Preview Assets.xcassets */; };
		4FB829D4275EED3A00DD99F7 /* Modles.swift in Sources */ = {isa = PBXBuildFile; fileRef = 4FB829D3275EED3A00DD99F7 /* Modles.swift */; };
		4FB829D6275EED5E00DD99F7 /* BLEManagerVM.swift in Sources */ = {isa = PBXBuildFile; fileRef = 4FB829D5275EED5E00DD99F7 /* BLEManagerVM.swift */; };
		4FC5CF4F27744EC90004D207 /* Charts in Frameworks */ = {isa = PBXBuildFile; productRef = 4FC5CF4E27744EC90004D207 /* Charts */; };
/* End PBXBuildFile section */

/* Begin PBXFileReference section */
		4F05D7A127793B40000C2C65 /* Extension+T.swift */ = {isa = PBXFileReference; lastKnownFileType = sourcecode.swift; path = "Extension+T.swift"; sourceTree = "<group>"; };
		4F2DEF252766EEA8005CDD9C /* BleView.swift */ = {isa = PBXFileReference; lastKnownFileType = sourcecode.swift; path = BleView.swift; sourceTree = "<group>"; };
		4FB829C2275EECB900DD99F7 /* BlueToothDemo.app */ = {isa = PBXFileReference; explicitFileType = wrapper.application; includeInIndex = 0; path = BlueToothDemo.app; sourceTree = BUILT_PRODUCTS_DIR; };
		4FB829C5275EECB900DD99F7 /* BlueToothDemoApp.swift */ = {isa = PBXFileReference; lastKnownFileType = sourcecode.swift; path = BlueToothDemoApp.swift; sourceTree = "<group>"; };
		4FB829C7275EECB900DD99F7 /* ContentView.swift */ = {isa = PBXFileReference; lastKnownFileType = sourcecode.swift; path = ContentView.swift; sourceTree = "<group>"; };
		4FB829C9275EECBB00DD99F7 /* Assets.xcassets */ = {isa = PBXFileReference; lastKnownFileType = folder.assetcatalog; path = Assets.xcassets; sourceTree = "<group>"; };
		4FB829CC275EECBB00DD99F7 /* Preview Assets.xcassets */ = {isa = PBXFileReference; lastKnownFileType = folder.assetcatalog; path = "Preview Assets.xcassets"; sourceTree = "<group>"; };
		4FB829D3275EED3A00DD99F7 /* Modles.swift */ = {isa = PBXFileReference; lastKnownFileType = sourcecode.swift; path = Modles.swift; sourceTree = "<group>"; };
		4FB829D5275EED5E00DD99F7 /* BLEManagerVM.swift */ = {isa = PBXFileReference; lastKnownFileType = sourcecode.swift; path = BLEManagerVM.swift; sourceTree = "<group>"; };
/* End PBXFileReference section */

/* Begin PBXFrameworksBuildPhase section */
		4FB829BF275EECB900DD99F7 /* Frameworks */ = {
			isa = PBXFrameworksBuildPhase;
			buildActionMask = 2147483647;
			files = (
				4FC5CF4F27744EC90004D207 /* Charts in Frameworks */,
			);
			runOnlyForDeploymentPostprocessing = 0;
		};
/* End PBXFrameworksBuildPhase section */

/* Begin PBXGroup section */
		4FB829B9275EECB900DD99F7 = {
			isa = PBXGroup;
			children = (
				4FB829C4275EECB900DD99F7 /* BlueToothDemo */,
				4FB829C3275EECB900DD99F7 /* Products */,
			);
			sourceTree = "<group>";
		};
		4FB829C3275EECB900DD99F7 /* Products */ = {
			isa = PBXGroup;
			children = (
				4FB829C2275EECB900DD99F7 /* BlueToothDemo.app */,
			);
			name = Products;
			sourceTree = "<group>";
		};
		4FB829C4275EECB900DD99F7 /* BlueToothDemo */ = {
			isa = PBXGroup;
			children = (
				4FB829C5275EECB900DD99F7 /* BlueToothDemoApp.swift */,
				4FB829C7275EECB900DD99F7 /* ContentView.swift */,
				4F2DEF252766EEA8005CDD9C /* BleView.swift */,
				4FB829D3275EED3A00DD99F7 /* Modles.swift */,
				4FB829D5275EED5E00DD99F7 /* BLEManagerVM.swift */,
				4F05D7A127793B40000C2C65 /* Extension+T.swift */,
				4FB829C9275EECBB00DD99F7 /* Assets.xcassets */,
				4FB829CB275EECBB00DD99F7 /* Preview Content */,
			);
			path = BlueToothDemo;
			sourceTree = "<group>";
		};
		4FB829CB275EECBB00DD99F7 /* Preview Content */ = {
			isa = PBXGroup;
			children = (
				4FB829CC275EECBB00DD99F7 /* Preview Assets.xcassets */,
			);
			path = "Preview Content";
			sourceTree = "<group>";
		};
/* End PBXGroup section */

/* Begin PBXNativeTarget section */
		4FB829C1275EECB900DD99F7 /* BlueToothDemo */ = {
			isa = PBXNativeTarget;
			buildConfigurationList = 4FB829D0275EECBB00DD99F7 /* Build configuration list for PBXNativeTarget "BlueToothDemo" */;
			buildPhases = (
				4FB829BE275EECB900DD99F7 /* Sources */,
				4FB829BF275EECB900DD99F7 /* Frameworks */,
				4FB829C0275EECB900DD99F7 /* Resources */,
			);
			buildRules = (
			);
			dependencies = (
			);
			name = BlueToothDemo;
			packageProductDependencies = (
				4FC5CF4E27744EC90004D207 /* Charts */,
			);
			productName = BlueToothDemo;
			productReference = 4FB829C2275EECB900DD99F7 /* BlueToothDemo.app */;
			productType = "com.apple.product-type.application";
		};
/* End PBXNativeTarget section */

/* Begin PBXProject section */
		4FB829BA275EECB900DD99F7 /* Project object */ = {
			isa = PBXProject;
			attributes = {
				BuildIndependentTargetsInParallel = 1;
				LastSwiftUpdateCheck = 1310;
				LastUpgradeCheck = 1310;
				TargetAttributes = {
					4FB829C1275EECB900DD99F7 = {
						CreatedOnToolsVersion = 13.1;
					};
				};
			};
			buildConfigurationList = 4FB829BD275EECB900DD99F7 /* Build configuration list for PBXProject "BlueToothDemo" */;
			compatibilityVersion = "Xcode 13.0";
			developmentRegion = en;
			hasScannedForEncodings = 0;
			knownRegions = (
				en,
				Base,
			);
			mainGroup = 4FB829B9275EECB900DD99F7;
			packageReferences = (
				4FC5CF4D27744EC90004D207 /* XCRemoteSwiftPackageReference "swiftui-charts" */,
			);
			productRefGroup = 4FB829C3275EECB900DD99F7 /* Products */;
			projectDirPath = "";
			projectRoot = "";
			targets = (
				4FB829C1275EECB900DD99F7 /* BlueToothDemo */,
			);
		};
/* End PBXProject section */

/* Begin PBXResourcesBuildPhase section */
		4FB829C0275EECB900DD99F7 /* Resources */ = {
			isa = PBXResourcesBuildPhase;
			buildActionMask = 2147483647;
			files = (
				4FB829CD275EECBB00DD99F7 /* Preview Assets.xcassets in Resources */,
				4FB829CA275EECBB00DD99F7 /* Assets.xcassets in Resources */,
			);
			runOnlyForDeploymentPostprocessing = 0;
		};
/* End PBXResourcesBuildPhase section */

/* Begin PBXSourcesBuildPhase section */
		4FB829BE275EECB900DD99F7 /* Sources */ = {
			isa = PBXSourcesBuildPhase;
			buildActionMask = 2147483647;
			files = (
				4FB829C8275EECB900DD99F7 /* ContentView.swift in Sources */,
				4FB829D4275EED3A00DD99F7 /* Modles.swift in Sources */,
				4F05D7A227793B40000C2C65 /* Extension+T.swift in Sources */,
				4FB829D6275EED5E00DD99F7 /* BLEManagerVM.swift in Sources */,
				4FB829C6275EECB900DD99F7 /* BlueToothDemoApp.swift in Sources */,
				4F2DEF262766EEA8005CDD9C /* BleView.swift in Sources */,
			);
			runOnlyForDeploymentPostprocessing = 0;
		};
/* End PBXSourcesBuildPhase section */

/* Begin XCBuildConfiguration section */
		4FB829CE275EECBB00DD99F7 /* Debug */ = {
			isa = XCBuildConfiguration;
			buildSettings = {
				ALWAYS_SEARCH_USER_PATHS = NO;
				CLANG_ANALYZER_NONNULL = YES;
				CLANG_ANALYZER_NUMBER_OBJECT_CONVERSION = YES_AGGRESSIVE;
				CLANG_CXX_LANGUAGE_STANDARD = "gnu++17";
				CLANG_CXX_LIBRARY = "libc++";
				CLANG_ENABLE_MODULES = YES;
				CLANG_ENABLE_OBJC_ARC = YES;
				CLANG_ENABLE_OBJC_WEAK = YES;
				CLANG_WARN_BLOCK_CAPTURE_AUTORELEASING = YES;
				CLANG_WARN_BOOL_CONVERSION = YES;
				CLANG_WARN_COMMA = YES;
				CLANG_WARN_CONSTANT_CONVERSION = YES;
				CLANG_WARN_DEPRECATED_OBJC_IMPLEMENTATIONS = YES;
				CLANG_WARN_DIRECT_OBJC_ISA_USAGE = YES_ERROR;
				CLANG_WARN_DOCUMENTATION_COMMENTS = YES;
				CLANG_WARN_EMPTY_BODY = YES;
				CLANG_WARN_ENUM_CONVERSION = YES;
				CLANG_WARN_INFINITE_RECURSION = YES;
				CLANG_WARN_INT_CONVERSION = YES;
				CLANG_WARN_NON_LITERAL_NULL_CONVERSION = YES;
				CLANG_WARN_OBJC_IMPLICIT_RETAIN_SELF = YES;
				CLANG_WARN_OBJC_LITERAL_CONVERSION = YES;
				CLANG_WARN_OBJC_ROOT_CLASS = YES_ERROR;
				CLANG_WARN_QUOTED_INCLUDE_IN_FRAMEWORK_HEADER = YES;
				CLANG_WARN_RANGE_LOOP_ANALYSIS = YES;
				CLANG_WARN_STRICT_PROTOTYPES = YES;
				CLANG_WARN_SUSPICIOUS_MOVE = YES;
				CLANG_WARN_UNGUARDED_AVAILABILITY = YES_AGGRESSIVE;
				CLANG_WARN_UNREACHABLE_CODE = YES;
				CLANG_WARN__DUPLICATE_METHOD_MATCH = YES;
				COPY_PHASE_STRIP = NO;
				DEBUG_INFORMATION_FORMAT = dwarf;
				ENABLE_STRICT_OBJC_MSGSEND = YES;
				ENABLE_TESTABILITY = YES;
				GCC_C_LANGUAGE_STANDARD = gnu11;
				GCC_DYNAMIC_NO_PIC = NO;
				GCC_NO_COMMON_BLOCKS = YES;
				GCC_OPTIMIZATION_LEVEL = 0;
				GCC_PREPROCESSOR_DEFINITIONS = (
					"DEBUG=1",
					"$(inherited)",
				);
				GCC_WARN_64_TO_32_BIT_CONVERSION = YES;
				GCC_WARN_ABOUT_RETURN_TYPE = YES_ERROR;
				GCC_WARN_UNDECLARED_SELECTOR = YES;
				GCC_WARN_UNINITIALIZED_AUTOS = YES_AGGRESSIVE;
				GCC_WARN_UNUSED_FUNCTION = YES;
				GCC_WARN_UNUSED_VARIABLE = YES;
				IPHONEOS_DEPLOYMENT_TARGET = 15.0;
				MTL_ENABLE_DEBUG_INFO = INCLUDE_SOURCE;
				MTL_FAST_MATH = YES;
				ONLY_ACTIVE_ARCH = YES;
				SDKROOT = iphoneos;
				SWIFT_ACTIVE_COMPILATION_CONDITIONS = DEBUG;
				SWIFT_OPTIMIZATION_LEVEL = "-Onone";
			};
			name = Debug;
		};
		4FB829CF275EECBB00DD99F7 /* Release */ = {
			isa = XCBuildConfiguration;
			buildSettings = {
				ALWAYS_SEARCH_USER_PATHS = NO;
				CLANG_ANALYZER_NONNULL = YES;
				CLANG_ANALYZER_NUMBER_OBJECT_CONVERSION = YES_AGGRESSIVE;
				CLANG_CXX_LANGUAGE_STANDARD = "gnu++17";
				CLANG_CXX_LIBRARY = "libc++";
				CLANG_ENABLE_MODULES = YES;
				CLANG_ENABLE_OBJC_ARC = YES;
				CLANG_ENABLE_OBJC_WEAK = YES;
				CLANG_WARN_BLOCK_CAPTURE_AUTORELEASING = YES;
				CLANG_WARN_BOOL_CONVERSION = YES;
				CLANG_WARN_COMMA = YES;
				CLANG_WARN_CONSTANT_CONVERSION = YES;
				CLANG_WARN_DEPRECATED_OBJC_IMPLEMENTATIONS = YES;
				CLANG_WARN_DIRECT_OBJC_ISA_USAGE = YES_ERROR;
				CLANG_WARN_DOCUMENTATION_COMMENTS = YES;
				CLANG_WARN_EMPTY_BODY = YES;
				CLANG_WARN_ENUM_CONVERSION = YES;
				CLANG_WARN_INFINITE_RECURSION = YES;
				CLANG_WARN_INT_CONVERSION = YES;
				CLANG_WARN_NON_LITERAL_NULL_CONVERSION = YES;
				CLANG_WARN_OBJC_IMPLICIT_RETAIN_SELF = YES;
				CLANG_WARN_OBJC_LITERAL_CONVERSION = YES;
				CLANG_WARN_OBJC_ROOT_CLASS = YES_ERROR;
				CLANG_WARN_QUOTED_INCLUDE_IN_FRAMEWORK_HEADER = YES;
				CLANG_WARN_RANGE_LOOP_ANALYSIS = YES;
				CLANG_WARN_STRICT_PROTOTYPES = YES;
				CLANG_WARN_SUSPICIOUS_MOVE = YES;
				CLANG_WARN_UNGUARDED_AVAILABILITY = YES_AGGRESSIVE;
				CLANG_WARN_UNREACHABLE_CODE = YES;
				CLANG_WARN__DUPLICATE_METHOD_MATCH = YES;
				COPY_PHASE_STRIP = NO;
				DEBUG_INFORMATION_FORMAT = "dwarf-with-dsym";
				ENABLE_NS_ASSERTIONS = NO;
				ENABLE_STRICT_OBJC_MSGSEND = YES;
				GCC_C_LANGUAGE_STANDARD = gnu11;
				GCC_NO_COMMON_BLOCKS = YES;
				GCC_WARN_64_TO_32_BIT_CONVERSION = YES;
				GCC_WARN_ABOUT_RETURN_TYPE = YES_ERROR;
				GCC_WARN_UNDECLARED_SELECTOR = YES;
				GCC_WARN_UNINITIALIZED_AUTOS = YES_AGGRESSIVE;
				GCC_WARN_UNUSED_FUNCTION = YES;
				GCC_WARN_UNUSED_VARIABLE = YES;
				IPHONEOS_DEPLOYMENT_TARGET = 15.0;
				MTL_ENABLE_DEBUG_INFO = NO;
				MTL_FAST_MATH = YES;
				SDKROOT = iphoneos;
				SWIFT_COMPILATION_MODE = wholemodule;
				SWIFT_OPTIMIZATION_LEVEL = "-O";
				VALIDATE_PRODUCT = YES;
			};
			name = Release;
		};
		4FB829D1275EECBB00DD99F7 /* Debug */ = {
			isa = XCBuildConfiguration;
			buildSettings = {
				ASSETCATALOG_COMPILER_APPICON_NAME = AppIcon;
				ASSETCATALOG_COMPILER_GLOBAL_ACCENT_COLOR_NAME = AccentColor;
				CODE_SIGN_IDENTITY = "Apple Development";
				CODE_SIGN_STYLE = Automatic;
				CURRENT_PROJECT_VERSION = 1;
				DEVELOPMENT_ASSET_PATHS = "\"BlueToothDemo/Preview Content\"";
				DEVELOPMENT_TEAM = 58H8DR5V92;
				ENABLE_PREVIEWS = YES;
				GENERATE_INFOPLIST_FILE = YES;
				INFOPLIST_KEY_NSBluetoothAlwaysUsageDescription = "App use Bluetooth to connect to the Particle Device";
				INFOPLIST_KEY_NSBluetoothPeripheralUsageDescription = "App use Bluetooth to connect to the Particle Device";
				INFOPLIST_KEY_UIApplicationSceneManifest_Generation = YES;
				INFOPLIST_KEY_UIApplicationSupportsIndirectInputEvents = YES;
				INFOPLIST_KEY_UILaunchScreen_Generation = YES;
				INFOPLIST_KEY_UISupportedInterfaceOrientations_iPad = "UIInterfaceOrientationPortrait UIInterfaceOrientationPortraitUpsideDown UIInterfaceOrientationLandscapeLeft UIInterfaceOrientationLandscapeRight";
				INFOPLIST_KEY_UISupportedInterfaceOrientations_iPhone = "UIInterfaceOrientationPortrait UIInterfaceOrientationLandscapeLeft UIInterfaceOrientationLandscapeRight";
				LD_RUNPATH_SEARCH_PATHS = (
					"$(inherited)",
					"@executable_path/Frameworks",
				);
				MARKETING_VERSION = 1.0;
				PRODUCT_BUNDLE_IDENTIFIER = test.zero.BlueToothDemo;
				PRODUCT_NAME = "$(TARGET_NAME)";
				PROVISIONING_PROFILE_SPECIFIER = "";
				SWIFT_EMIT_LOC_STRINGS = YES;
				SWIFT_VERSION = 5.0;
				TARGETED_DEVICE_FAMILY = "1,2";
			};
			name = Debug;
		};
		4FB829D2275EECBB00DD99F7 /* Release */ = {
			isa = XCBuildConfiguration;
			buildSettings = {
				ASSETCATALOG_COMPILER_APPICON_NAME = AppIcon;
				ASSETCATALOG_COMPILER_GLOBAL_ACCENT_COLOR_NAME = AccentColor;
				CODE_SIGN_IDENTITY = "Apple Development";
				CODE_SIGN_STYLE = Automatic;
				CURRENT_PROJECT_VERSION = 1;
				DEVELOPMENT_ASSET_PATHS = "\"BlueToothDemo/Preview Content\"";
				DEVELOPMENT_TEAM = 58H8DR5V92;
				ENABLE_PREVIEWS = YES;
				GENERATE_INFOPLIST_FILE = YES;
				INFOPLIST_KEY_NSBluetoothAlwaysUsageDescription = "App use Bluetooth to connect to the Particle Device";
				INFOPLIST_KEY_NSBluetoothPeripheralUsageDescription = "App use Bluetooth to connect to the Particle Device";
				INFOPLIST_KEY_UIApplicationSceneManifest_Generation = YES;
				INFOPLIST_KEY_UIApplicationSupportsIndirectInputEvents = YES;
				INFOPLIST_KEY_UILaunchScreen_Generation = YES;
				INFOPLIST_KEY_UISupportedInterfaceOrientations_iPad = "UIInterfaceOrientationPortrait UIInterfaceOrientationPortraitUpsideDown UIInterfaceOrientationLandscapeLeft UIInterfaceOrientationLandscapeRight";
				INFOPLIST_KEY_UISupportedInterfaceOrientations_iPhone = "UIInterfaceOrientationPortrait UIInterfaceOrientationLandscapeLeft UIInterfaceOrientationLandscapeRight";
				LD_RUNPATH_SEARCH_PATHS = (
					"$(inherited)",
					"@executable_path/Frameworks",
				);
				MARKETING_VERSION = 1.0;
				PRODUCT_BUNDLE_IDENTIFIER = test.zero.BlueToothDemo;
				PRODUCT_NAME = "$(TARGET_NAME)";
				PROVISIONING_PROFILE_SPECIFIER = "";
				SWIFT_EMIT_LOC_STRINGS = YES;
				SWIFT_VERSION = 5.0;
				TARGETED_DEVICE_FAMILY = "1,2";
			};
			name = Release;
		};
/* End XCBuildConfiguration section */

/* Begin XCConfigurationList section */
		4FB829BD275EECB900DD99F7 /* Build configuration list for PBXProject "BlueToothDemo" */ = {
			isa = XCConfigurationList;
			buildConfigurations = (
				4FB829CE275EECBB00DD99F7 /* Debug */,
				4FB829CF275EECBB00DD99F7 /* Release */,
			);
			defaultConfigurationIsVisible = 0;
			defaultConfigurationName = Release;
		};
		4FB829D0275EECBB00DD99F7 /* Build configuration list for PBXNativeTarget "BlueToothDemo" */ = {
			isa = XCConfigurationList;
			buildConfigurations = (
				4FB829D1275EECBB00DD99F7 /* Debug */,
				4FB829D2275EECBB00DD99F7 /* Release */,
			);
			defaultConfigurationIsVisible = 0;
			defaultConfigurationName = Release;
		};
/* End XCConfigurationList section */

/* Begin XCRemoteSwiftPackageReference section */
		4FC5CF4D27744EC90004D207 /* XCRemoteSwiftPackageReference "swiftui-charts" */ = {
			isa = XCRemoteSwiftPackageReference;
			repositoryURL = "https://github.com/spacenation/swiftui-charts.git";
			requirement = {
				branch = master;
				kind = branch;
			};
		};
/* End XCRemoteSwiftPackageReference section */

/* Begin XCSwiftPackageProductDependency section */
		4FC5CF4E27744EC90004D207 /* Charts */ = {
			isa = XCSwiftPackageProductDependency;
			package = 4FC5CF4D27744EC90004D207 /* XCRemoteSwiftPackageReference "swiftui-charts" */;
			productName = Charts;
		};
/* End XCSwiftPackageProductDependency section */
	};
	rootObject = 4FB829BA275EECB900DD99F7 /* Project object */;
}
